
Microsoft Visual Studio Solution File, Format Version 12.00
# Visual Studio 15
VisualStudioVersion = 15.0.27703.2047
MinimumVisualStudioVersion = 10.0.40219.1
Project("{FAE04EC0-301F-11D3-BF4B-00C04F79EFBC}") = "homework10", "homework10\homework10.csproj", "{9725B44D-B54F-4A01-AF9B-78D91AE9D5E9}"
EndProject
Project("{FAE04EC0-301F-11D3-BF4B-00C04F79EFBC}") = "WinForm", "WinForm\WinForm.csproj", "{0FFC879C-EC5C-4C61-A0B9-0FA601F89A08}"
EndProject
Global
	GlobalSection(SolutionConfigurationPlatforms) = preSolution
		Debug|Any CPU = Debug|Any CPU
		Release|Any CPU = Release|Any CPU
	EndGlobalSection
	GlobalSection(ProjectConfigurationPlatforms) = postSolution
		{9725B44D-B54F-4A01-AF9B-78D91AE9D5E9}.Debug|Any CPU.ActiveCfg = Debug|Any CPU
		{9725B44D-B54F-4A01-AF9B-78D91AE9D5E9}.Debug|Any CPU.Build.0 = Debug|Any CPU
		{9725B44D-B54F-4A01-AF9B-78D91AE9D5E9}.Release|Any CPU.ActiveCfg = Release|Any CPU
		{9725B44D-B54F-4A01-AF9B-78D91AE9D5E9}.Release|Any CPU.Build.0 = Release|Any CPU
		{0FFC879C-EC5C-4C61-A0B9-0FA601F89A08}.Debug|Any CPU.ActiveCfg = Debug|Any CPU
		{0FFC879C-EC5C-4C61-A0B9-0FA601F89A08}.Debug|Any CPU.Build.0 = Debug|Any CPU
		{0FFC879C-EC5C-4C61-A0B9-0FA601F89A08}.Release|Any CPU.ActiveCfg = Release|Any CPU
		{0FFC879C-EC5C-4C61-A0B9-0FA601F89A08}.Release|Any CPU.Build.0 = Release|Any CPU
	EndGlobalSection
	GlobalSection(SolutionProperties) = preSolution
		HideSolutionNode = FALSE
	EndGlobalSection
	GlobalSection(ExtensibilityGlobals) = postSolution
		SolutionGuid = {C628E47A-1C6B-4511-AD15-8E45E698335D}
	EndGlobalSection
EndGlobal
